
Microsoft Visual Studio Solution File, Format Version 12.00
# Visual Studio Version 17
VisualStudioVersion = 17.4.33213.308
MinimumVisualStudioVersion = 10.0.40219.1
Project("{FAE04EC0-301F-11D3-BF4B-00C04F79EFBC}") = "ST10092275_MpumeleloMadisha_PoE_GR1", "ST10092275_MpumeleloMadisha_PoE_GR1\ST10092275_MpumeleloMadisha_PoE_GR1.csproj", "{3AD436ED-B311-4E1E-A57A-5F5BE4CC6324}"
EndProject
Global
	GlobalSection(SolutionConfigurationPlatforms) = preSolution
		Debug|Any CPU = Debug|Any CPU
		Release|Any CPU = Release|Any CPU
	EndGlobalSection
	GlobalSection(ProjectConfigurationPlatforms) = postSolution
		{3AD436ED-B311-4E1E-A57A-5F5BE4CC6324}.Debug|Any CPU.ActiveCfg = Debug|Any CPU
		{3AD436ED-B311-4E1E-A57A-5F5BE4CC6324}.Debug|Any CPU.Build.0 = Debug|Any CPU
		{3AD436ED-B311-4E1E-A57A-5F5BE4CC6324}.Release|Any CPU.ActiveCfg = Release|Any CPU
		{3AD436ED-B311-4E1E-A57A-5F5BE4CC6324}.Release|Any CPU.Build.0 = Release|Any CPU
	EndGlobalSection
	GlobalSection(SolutionProperties) = preSolution
		HideSolutionNode = FALSE
	EndGlobalSection
	GlobalSection(ExtensibilityGlobals) = postSolution
		SolutionGuid = {99684F0C-5550-4F49-B939-B0E865FDF7DF}
	EndGlobalSection
EndGlobal
